
Microsoft Visual Studio Solution File, Format Version 12.00
# Visual Studio Version 17
VisualStudioVersion = 17.14.36301.6
MinimumVisualStudioVersion = 10.0.40219.1
Project("{2150E333-8FDC-42A3-9474-1A3956D46DE8}") = "Task0", "Task0", "{02EA681E-C7D8-13C7-8484-4AC65E1B71E8}"
EndProject
Project("{FAE04EC0-301F-11D3-BF4B-00C04F79EFBC}") = "Tyuiu.PolyakovaAS.Sprint5.Task0.V24", "Tyuiu.PolyakovaAS.Sprint5.Task0.V24\Tyuiu.PolyakovaAS.Sprint5.Task0.V24.csproj", "{E20A2463-1680-4D6B-9E5D-50ABE4B9C999}"
EndProject
Project("{FAE04EC0-301F-11D3-BF4B-00C04F79EFBC}") = "Tyuiu.PolyakovaAS.Sprint5.Task0.V24.Lib", "Tyuiu.PolyakovaAS.Sprint5.Task0.V24.Lib\Tyuiu.PolyakovaAS.Sprint5.Task0.V24.Lib.csproj", "{7F1A5736-0727-4478-A7DF-78D6EB34B12E}"
EndProject
Project("{FAE04EC0-301F-11D3-BF4B-00C04F79EFBC}") = "Tyuiu.PolyakovaAS.Sprint5.Task0.V24.Test", "Tyuiu.PolyakovaAS.Sprint5.Task0.V24.Test\Tyuiu.PolyakovaAS.Sprint5.Task0.V24.Test.csproj", "{517E0FA3-DE19-47AD-88E5-A1EAF5616E55}"
EndProject
Project("{2150E333-8FDC-42A3-9474-1A3956D46DE8}") = "Task1", "Task1", "{BB6A6AB4-930D-491D-A208-AF8B1BE004CD}"
EndProject
Project("{FAE04EC0-301F-11D3-BF4B-00C04F79EFBC}") = "Tyuiu.PolyakovaAS.Sprint5.Task1.V2", "Tyuiu.PolyakovaAS.Sprint5.Task1.V2\Tyuiu.PolyakovaAS.Sprint5.Task1.V2.csproj", "{C931CC17-7962-41DD-BC71-E23803E09949}"
EndProject
Project("{FAE04EC0-301F-11D3-BF4B-00C04F79EFBC}") = "Tyuiu.PolyakovaAS.Sprint5.Task1.V2.Lib", "Tyuiu.PolyakovaAS.Sprint5.Task1.V2.Lib\Tyuiu.PolyakovaAS.Sprint5.Task1.V2.Lib.csproj", "{2348EB1A-BE67-42D3-A7CD-D43A5CDF28C2}"
EndProject
Project("{FAE04EC0-301F-11D3-BF4B-00C04F79EFBC}") = "Tyuiu.PolyakovaAS.Sprint5.Task1.V2.Test", "Tyuiu.PolyakovaAS.Sprint5.Task1.V2.Test\Tyuiu.PolyakovaAS.Sprint5.Task1.V2.Test.csproj", "{ABAE4550-49BF-4169-A0DF-016537E61581}"
EndProject
Project("{2150E333-8FDC-42A3-9474-1A3956D46DE8}") = "Task2", "Task2", "{02B32EF4-0E5C-4C72-A1C3-5F07E0962814}"
EndProject
Project("{FAE04EC0-301F-11D3-BF4B-00C04F79EFBC}") = "Tyuiu.PolyakovaAS.Sprint5.Task2.V1", "Tyuiu.PolyakovaAS.Sprint5.Task2.V1\Tyuiu.PolyakovaAS.Sprint5.Task2.V1.csproj", "{4E66C1DA-8B0C-44B6-957E-F5F25D896D4A}"
EndProject
Project("{FAE04EC0-301F-11D3-BF4B-00C04F79EFBC}") = "Tyuiu.PolyakovaAS.Sprint5.Task2.V1.Lib", "Tyuiu.PolyakovaAS.Sprint5.Task2.V1.Lib\Tyuiu.PolyakovaAS.Sprint5.Task2.V1.Lib.csproj", "{0C1CED63-2325-4DEE-8BFE-3A164F344CCC}"
EndProject
Project("{FAE04EC0-301F-11D3-BF4B-00C04F79EFBC}") = "Tyuiu.PolyakovaAS.Sprint5.Task2.V1.Test", "Tyuiu.PolyakovaAS.Sprint5.Task2.V1.Test\Tyuiu.PolyakovaAS.Sprint5.Task2.V1.Test.csproj", "{28477729-20C6-4A08-96D0-447055FF48EE}"
EndProject
Project("{2150E333-8FDC-42A3-9474-1A3956D46DE8}") = "Task3", "Task3", "{92A07389-88EA-45BE-9AA6-7D2AF7CAEAAF}"
EndProject
Project("{FAE04EC0-301F-11D3-BF4B-00C04F79EFBC}") = "Tyuiu.PolyakovaAS.Sprint5.Task3.V19", "Tyuiu.PolyakovaAS.Sprint5.Task3.V19\Tyuiu.PolyakovaAS.Sprint5.Task3.V19.csproj", "{6B1AA77F-0A2C-4404-B876-2F0DE184B7DE}"
EndProject
Project("{FAE04EC0-301F-11D3-BF4B-00C04F79EFBC}") = "Tyuiu.PolyakovaAS.Sprint5.Task3.V19.Lib", "Tyuiu.PolyakovaAS.Sprint5.Task3.V19.Lib\Tyuiu.PolyakovaAS.Sprint5.Task3.V19.Lib.csproj", "{EF8B45B9-5E15-4EAD-856A-08E353F701F8}"
EndProject
Project("{FAE04EC0-301F-11D3-BF4B-00C04F79EFBC}") = "Tyuiu.PolyakovaAS.Sprint5.Task3.V19.Test", "Tyuiu.PolyakovaAS.Sprint5.Task3.V19.Test\Tyuiu.PolyakovaAS.Sprint5.Task3.V19.Test.csproj", "{C172387C-CE48-49FB-9C1C-295535DE5E09}"
EndProject
Project("{2150E333-8FDC-42A3-9474-1A3956D46DE8}") = "Task4", "Task4", "{42D92BD9-F927-4026-BCFD-90C6787B6689}"
EndProject
Project("{FAE04EC0-301F-11D3-BF4B-00C04F79EFBC}") = "Tyuiu.PolyakovaAS.Sprint5.Task4.V14", "Tyuiu.PolyakovaAS.Sprint5.Task4.V14\Tyuiu.PolyakovaAS.Sprint5.Task4.V14.csproj", "{0566942B-A8F6-4052-A7FF-00288EBF3C12}"
EndProject
Project("{FAE04EC0-301F-11D3-BF4B-00C04F79EFBC}") = "Tyuiu.PolyakovaAS.Sprint5.Task4.V14.lib", "Tyuiu.PolyakovaAS.Sprint5.Task4.V14.lib\Tyuiu.PolyakovaAS.Sprint5.Task4.V14.lib.csproj", "{DD628546-E796-493F-9826-83AEB3ABC8B0}"
EndProject
Project("{FAE04EC0-301F-11D3-BF4B-00C04F79EFBC}") = "Tyuiu.PolyakovaAS.Sprint5.Task4.V14.Test", "Tyuiu.PolyakovaAS.Sprint5.Task4.V14.Test\Tyuiu.PolyakovaAS.Sprint5.Task4.V14.Test.csproj", "{7E070541-A7E9-4C2A-BB7B-AEA5137E82C2}"
EndProject
Global
	GlobalSection(SolutionConfigurationPlatforms) = preSolution
		Debug|Any CPU = Debug|Any CPU
		Release|Any CPU = Release|Any CPU
	EndGlobalSection
	GlobalSection(ProjectConfigurationPlatforms) = postSolution
		{E20A2463-1680-4D6B-9E5D-50ABE4B9C999}.Debug|Any CPU.ActiveCfg = Debug|Any CPU
		{E20A2463-1680-4D6B-9E5D-50ABE4B9C999}.Debug|Any CPU.Build.0 = Debug|Any CPU
		{E20A2463-1680-4D6B-9E5D-50ABE4B9C999}.Release|Any CPU.ActiveCfg = Release|Any CPU
		{E20A2463-1680-4D6B-9E5D-50ABE4B9C999}.Release|Any CPU.Build.0 = Release|Any CPU
		{7F1A5736-0727-4478-A7DF-78D6EB34B12E}.Debug|Any CPU.ActiveCfg = Debug|Any CPU
		{7F1A5736-0727-4478-A7DF-78D6EB34B12E}.Debug|Any CPU.Build.0 = Debug|Any CPU
		{7F1A5736-0727-4478-A7DF-78D6EB34B12E}.Release|Any CPU.ActiveCfg = Release|Any CPU
		{7F1A5736-0727-4478-A7DF-78D6EB34B12E}.Release|Any CPU.Build.0 = Release|Any CPU
		{517E0FA3-DE19-47AD-88E5-A1EAF5616E55}.Debug|Any CPU.ActiveCfg = Debug|Any CPU
		{517E0FA3-DE19-47AD-88E5-A1EAF5616E55}.Debug|Any CPU.Build.0 = Debug|Any CPU
		{517E0FA3-DE19-47AD-88E5-A1EAF5616E55}.Release|Any CPU.ActiveCfg = Release|Any CPU
		{517E0FA3-DE19-47AD-88E5-A1EAF5616E55}.Release|Any CPU.Build.0 = Release|Any CPU
		{C931CC17-7962-41DD-BC71-E23803E09949}.Debug|Any CPU.ActiveCfg = Debug|Any CPU
		{C931CC17-7962-41DD-BC71-E23803E09949}.Debug|Any CPU.Build.0 = Debug|Any CPU
		{C931CC17-7962-41DD-BC71-E23803E09949}.Release|Any CPU.ActiveCfg = Release|Any CPU
		{C931CC17-7962-41DD-BC71-E23803E09949}.Release|Any CPU.Build.0 = Release|Any CPU
		{2348EB1A-BE67-42D3-A7CD-D43A5CDF28C2}.Debug|Any CPU.ActiveCfg = Debug|Any CPU
		{2348EB1A-BE67-42D3-A7CD-D43A5CDF28C2}.Debug|Any CPU.Build.0 = Debug|Any CPU
		{2348EB1A-BE67-42D3-A7CD-D43A5CDF28C2}.Release|Any CPU.ActiveCfg = Release|Any CPU
		{2348EB1A-BE67-42D3-A7CD-D43A5CDF28C2}.Release|Any CPU.Build.0 = Release|Any CPU
		{ABAE4550-49BF-4169-A0DF-016537E61581}.Debug|Any CPU.ActiveCfg = Debug|Any CPU
		{ABAE4550-49BF-4169-A0DF-016537E61581}.Debug|Any CPU.Build.0 = Debug|Any CPU
		{ABAE4550-49BF-4169-A0DF-016537E61581}.Release|Any CPU.ActiveCfg = Release|Any CPU
		{ABAE4550-49BF-4169-A0DF-016537E61581}.Release|Any CPU.Build.0 = Release|Any CPU
		{4E66C1DA-8B0C-44B6-957E-F5F25D896D4A}.Debug|Any CPU.ActiveCfg = Debug|Any CPU
		{4E66C1DA-8B0C-44B6-957E-F5F25D896D4A}.Debug|Any CPU.Build.0 = Debug|Any CPU
		{4E66C1DA-8B0C-44B6-957E-F5F25D896D4A}.Release|Any CPU.ActiveCfg = Release|Any CPU
		{4E66C1DA-8B0C-44B6-957E-F5F25D896D4A}.Release|Any CPU.Build.0 = Release|Any CPU
		{0C1CED63-2325-4DEE-8BFE-3A164F344CCC}.Debug|Any CPU.ActiveCfg = Debug|Any CPU
		{0C1CED63-2325-4DEE-8BFE-3A164F344CCC}.Debug|Any CPU.Build.0 = Debug|Any CPU
		{0C1CED63-2325-4DEE-8BFE-3A164F344CCC}.Release|Any CPU.ActiveCfg = Release|Any CPU
		{0C1CED63-2325-4DEE-8BFE-3A164F344CCC}.Release|Any CPU.Build.0 = Release|Any CPU
		{28477729-20C6-4A08-96D0-447055FF48EE}.Debug|Any CPU.ActiveCfg = Debug|Any CPU
		{28477729-20C6-4A08-96D0-447055FF48EE}.Debug|Any CPU.Build.0 = Debug|Any CPU
		{28477729-20C6-4A08-96D0-447055FF48EE}.Release|Any CPU.ActiveCfg = Release|Any CPU
		{28477729-20C6-4A08-96D0-447055FF48EE}.Release|Any CPU.Build.0 = Release|Any CPU
		{6B1AA77F-0A2C-4404-B876-2F0DE184B7DE}.Debug|Any CPU.ActiveCfg = Debug|Any CPU
		{6B1AA77F-0A2C-4404-B876-2F0DE184B7DE}.Debug|Any CPU.Build.0 = Debug|Any CPU
		{6B1AA77F-0A2C-4404-B876-2F0DE184B7DE}.Release|Any CPU.ActiveCfg = Release|Any CPU
		{6B1AA77F-0A2C-4404-B876-2F0DE184B7DE}.Release|Any CPU.Build.0 = Release|Any CPU
		{EF8B45B9-5E15-4EAD-856A-08E353F701F8}.Debug|Any CPU.ActiveCfg = Debug|Any CPU
		{EF8B45B9-5E15-4EAD-856A-08E353F701F8}.Debug|Any CPU.Build.0 = Debug|Any CPU
		{EF8B45B9-5E15-4EAD-856A-08E353F701F8}.Release|Any CPU.ActiveCfg = Release|Any CPU
		{EF8B45B9-5E15-4EAD-856A-08E353F701F8}.Release|Any CPU.Build.0 = Release|Any CPU
		{C172387C-CE48-49FB-9C1C-295535DE5E09}.Debug|Any CPU.ActiveCfg = Debug|Any CPU
		{C172387C-CE48-49FB-9C1C-295535DE5E09}.Debug|Any CPU.Build.0 = Debug|Any CPU
		{C172387C-CE48-49FB-9C1C-295535DE5E09}.Release|Any CPU.ActiveCfg = Release|Any CPU
		{C172387C-CE48-49FB-9C1C-295535DE5E09}.Release|Any CPU.Build.0 = Release|Any CPU
		{0566942B-A8F6-4052-A7FF-00288EBF3C12}.Debug|Any CPU.ActiveCfg = Debug|Any CPU
		{0566942B-A8F6-4052-A7FF-00288EBF3C12}.Debug|Any CPU.Build.0 = Debug|Any CPU
		{0566942B-A8F6-4052-A7FF-00288EBF3C12}.Release|Any CPU.ActiveCfg = Release|Any CPU
		{0566942B-A8F6-4052-A7FF-00288EBF3C12}.Release|Any CPU.Build.0 = Release|Any CPU
		{DD628546-E796-493F-9826-83AEB3ABC8B0}.Debug|Any CPU.ActiveCfg = Debug|Any CPU
		{DD628546-E796-493F-9826-83AEB3ABC8B0}.Debug|Any CPU.Build.0 = Debug|Any CPU
		{DD628546-E796-493F-9826-83AEB3ABC8B0}.Release|Any CPU.ActiveCfg = Release|Any CPU
		{DD628546-E796-493F-9826-83AEB3ABC8B0}.Release|Any CPU.Build.0 = Release|Any CPU
		{7E070541-A7E9-4C2A-BB7B-AEA5137E82C2}.Debug|Any CPU.ActiveCfg = Debug|Any CPU
		{7E070541-A7E9-4C2A-BB7B-AEA5137E82C2}.Debug|Any CPU.Build.0 = Debug|Any CPU
		{7E070541-A7E9-4C2A-BB7B-AEA5137E82C2}.Release|Any CPU.ActiveCfg = Release|Any CPU
		{7E070541-A7E9-4C2A-BB7B-AEA5137E82C2}.Release|Any CPU.Build.0 = Release|Any CPU
	EndGlobalSection
	GlobalSection(SolutionProperties) = preSolution
		HideSolutionNode = FALSE
	EndGlobalSection
	GlobalSection(NestedProjects) = preSolution
		{E20A2463-1680-4D6B-9E5D-50ABE4B9C999} = {02EA681E-C7D8-13C7-8484-4AC65E1B71E8}
		{7F1A5736-0727-4478-A7DF-78D6EB34B12E} = {02EA681E-C7D8-13C7-8484-4AC65E1B71E8}
		{517E0FA3-DE19-47AD-88E5-A1EAF5616E55} = {02EA681E-C7D8-13C7-8484-4AC65E1B71E8}
		{C931CC17-7962-41DD-BC71-E23803E09949} = {BB6A6AB4-930D-491D-A208-AF8B1BE004CD}
		{2348EB1A-BE67-42D3-A7CD-D43A5CDF28C2} = {BB6A6AB4-930D-491D-A208-AF8B1BE004CD}
		{ABAE4550-49BF-4169-A0DF-016537E61581} = {BB6A6AB4-930D-491D-A208-AF8B1BE004CD}
		{4E66C1DA-8B0C-44B6-957E-F5F25D896D4A} = {02B32EF4-0E5C-4C72-A1C3-5F07E0962814}
		{0C1CED63-2325-4DEE-8BFE-3A164F344CCC} = {02B32EF4-0E5C-4C72-A1C3-5F07E0962814}
		{28477729-20C6-4A08-96D0-447055FF48EE} = {02B32EF4-0E5C-4C72-A1C3-5F07E0962814}
		{6B1AA77F-0A2C-4404-B876-2F0DE184B7DE} = {92A07389-88EA-45BE-9AA6-7D2AF7CAEAAF}
		{EF8B45B9-5E15-4EAD-856A-08E353F701F8} = {92A07389-88EA-45BE-9AA6-7D2AF7CAEAAF}
		{C172387C-CE48-49FB-9C1C-295535DE5E09} = {92A07389-88EA-45BE-9AA6-7D2AF7CAEAAF}
		{0566942B-A8F6-4052-A7FF-00288EBF3C12} = {42D92BD9-F927-4026-BCFD-90C6787B6689}
		{DD628546-E796-493F-9826-83AEB3ABC8B0} = {42D92BD9-F927-4026-BCFD-90C6787B6689}
		{7E070541-A7E9-4C2A-BB7B-AEA5137E82C2} = {42D92BD9-F927-4026-BCFD-90C6787B6689}
	EndGlobalSection
	GlobalSection(ExtensibilityGlobals) = postSolution
		SolutionGuid = {45264BDF-51A1-47CE-A1DD-5F79D8ECB558}
	EndGlobalSection
EndGlobal
